Microsoft Visual Studio Solution File, Format Version 12.00
# Visual Studio Version 17
VisualStudioVersion = 17.5.2.0
MinimumVisualStudioVersion = 10.0.40219.1
Project("{2150E333-8FDC-42A3-9474-1A3956D46DE8}") = "Apps", "Apps", "{1787FE1D-075E-9E68-7218-25F1BD1BBEAB}"
EndProject
Project("{FAE04EC0-301F-11D3-BF4B-00C04F79EFBC}") = "Recorder", "Apps\Recorder\Recorder.csproj", "{35C262E2-DD5D-1886-9594-29BA621A941D}"
EndProject
Global
	GlobalSection(SolutionConfigurationPlatforms) = preSolution
		Debug|Any CPU = Debug|Any CPU
		Release|Any CPU = Release|Any CPU
	EndGlobalSection
	GlobalSection(ProjectConfigurationPlatforms) = postSolution
		{35C262E2-DD5D-1886-9594-29BA621A941D}.Debug|Any CPU.ActiveCfg = Debug|Any CPU
		{35C262E2-DD5D-1886-9594-29BA621A941D}.Debug|Any CPU.Build.0 = Debug|Any CPU
		{35C262E2-DD5D-1886-9594-29BA621A941D}.Release|Any CPU.ActiveCfg = Release|Any CPU
		{35C262E2-DD5D-1886-9594-29BA621A941D}.Release|Any CPU.Build.0 = Release|Any CPU
	EndGlobalSection
	GlobalSection(SolutionProperties) = preSolution
		HideSolutionNode = FALSE
	EndGlobalSection
	GlobalSection(NestedProjects) = preSolution
		{35C262E2-DD5D-1886-9594-29BA621A941D} = {1787FE1D-075E-9E68-7218-25F1BD1BBEAB}
	EndGlobalSection
	GlobalSection(ExtensibilityGlobals) = postSolution
		SolutionGuid = {5D7054CF-1ABF-4344-99F0-E83B6EF32ED8}
	EndGlobalSection
EndGlobal
